<?xml version="1.0" encoding="UTF-8" standalone="yes" ?>
<CodeBlocks_project_file>
	<FileVersion major="1" minor="6" />
	<Project>
		<Option title="CQGD" />
		<Option makefile_is_custom="1" />
		<Option compiler="gcc" />
		<Option virtualFolders="CMake Files/;CMake Files/common/;CMake Files/common/include/;CMake Files/test_standalone/" />
		<Build>
			<Target title="all">
				<Option type="4" />
				<Option compiler="gcc" />
				<MakeCommands>
					<Build command='/usr/bin/gmake -j16 -f &quot;/home/rakytap/Documents/2020/QDrive/quantum-gate-decomposer_C/build/Makefile&quot;  VERBOSE=1 all' />
					<CompileFile command='/usr/bin/gmake -j16 -f &quot;/home/rakytap/Documents/2020/QDrive/quantum-gate-decomposer_C/build/Makefile&quot;  VERBOSE=1 &quot;$file&quot;' />
					<Clean command='/usr/bin/gmake -j16 -f &quot;/home/rakytap/Documents/2020/QDrive/quantum-gate-decomposer_C/build/Makefile&quot;  VERBOSE=1 clean' />
					<DistClean command='/usr/bin/gmake -j16 -f &quot;/home/rakytap/Documents/2020/QDrive/quantum-gate-decomposer_C/build/Makefile&quot;  VERBOSE=1 clean' />
					<AskRebuildNeeded command="$make -q -f $makefile $target" />
					<SilentBuild command="$make -f $makefile $target &gt; $(CMD_NULL)" />
				</MakeCommands>
			</Target>
			<Target title="rebuild_cache">
				<Option type="4" />
				<Option compiler="gcc" />
				<MakeCommands>
					<Build command='/usr/bin/gmake -j16 -f &quot;/home/rakytap/Documents/2020/QDrive/quantum-gate-decomposer_C/build/Makefile&quot;  VERBOSE=1 rebuild_cache' />
					<CompileFile command='/usr/bin/gmake -j16 -f &quot;/home/rakytap/Documents/2020/QDrive/quantum-gate-decomposer_C/build/Makefile&quot;  VERBOSE=1 &quot;$file&quot;' />
					<Clean command='/usr/bin/gmake -j16 -f &quot;/home/rakytap/Documents/2020/QDrive/quantum-gate-decomposer_C/build/Makefile&quot;  VERBOSE=1 clean' />
					<DistClean command='/usr/bin/gmake -j16 -f &quot;/home/rakytap/Documents/2020/QDrive/quantum-gate-decomposer_C/build/Makefile&quot;  VERBOSE=1 clean' />
					<AskRebuildNeeded command="$make -q -f $makefile $target" />
					<SilentBuild command="$make -f $makefile $target &gt; $(CMD_NULL)" />
				</MakeCommands>
			</Target>
			<Target title="edit_cache">
				<Option type="4" />
				<Option compiler="gcc" />
				<MakeCommands>
					<Build command='/usr/bin/gmake -j16 -f &quot;/home/rakytap/Documents/2020/QDrive/quantum-gate-decomposer_C/build/Makefile&quot;  VERBOSE=1 edit_cache' />
					<CompileFile command='/usr/bin/gmake -j16 -f &quot;/home/rakytap/Documents/2020/QDrive/quantum-gate-decomposer_C/build/Makefile&quot;  VERBOSE=1 &quot;$file&quot;' />
					<Clean command='/usr/bin/gmake -j16 -f &quot;/home/rakytap/Documents/2020/QDrive/quantum-gate-decomposer_C/build/Makefile&quot;  VERBOSE=1 clean' />
					<DistClean command='/usr/bin/gmake -j16 -f &quot;/home/rakytap/Documents/2020/QDrive/quantum-gate-decomposer_C/build/Makefile&quot;  VERBOSE=1 clean' />
					<AskRebuildNeeded command="$make -q -f $makefile $target" />
					<SilentBuild command="$make -f $makefile $target &gt; $(CMD_NULL)" />
				</MakeCommands>
			</Target>
			<Target title="qgd">
				<Option output="/home/rakytap/Documents/2020/QDrive/quantum-gate-decomposer_C/build/libqgd.so" prefix_auto="0" extension_auto="0" />
				<Option working_dir="/home/rakytap/Documents/2020/QDrive/quantum-gate-decomposer_C/build" />
				<Option object_output="./" />
				<Option type="3" />
				<Option compiler="gcc" />
				<Compiler>
					<Add directory="/home/rakytap/Documents/2020/QDrive/quantum-gate-decomposer_C/." />
					<Add directory="/home/rakytap/Documents/2020/QDrive/quantum-gate-decomposer_C/./common/include" />
					<Add directory="/home/rakytap/Documents/2020/QDrive/quantum-gate-decomposer_C/./operations/include" />
					<Add directory="/home/rakytap/Documents/2020/QDrive/quantum-gate-decomposer_C/./decomposition/include" />
					<Add directory="/home/rakytap/Documents/2020/QDrive/quantum-gate-decomposer_C/./random_unitary/include" />
					<Add directory="/usr/local/include" />
					<Add directory="/usr/local/tbb_2020/include" />
					<Add directory="/usr/include/c++/9" />
					<Add directory="/usr/include/x86_64-linux-gnu/c++/9" />
					<Add directory="/usr/include/c++/9/backward" />
					<Add directory="/usr/lib/gcc/x86_64-linux-gnu/9/include" />
					<Add directory="/usr/include/x86_64-linux-gnu" />
					<Add directory="/usr/include" />
				</Compiler>
				<MakeCommands>
					<Build command='/usr/bin/gmake -j16 -f &quot;/home/rakytap/Documents/2020/QDrive/quantum-gate-decomposer_C/build/Makefile&quot;  VERBOSE=1 qgd' />
					<CompileFile command='/usr/bin/gmake -j16 -f &quot;/home/rakytap/Documents/2020/QDrive/quantum-gate-decomposer_C/build/Makefile&quot;  VERBOSE=1 &quot;$file&quot;' />
					<Clean command='/usr/bin/gmake -j16 -f &quot;/home/rakytap/Documents/2020/QDrive/quantum-gate-decomposer_C/build/Makefile&quot;  VERBOSE=1 clean' />
					<DistClean command='/usr/bin/gmake -j16 -f &quot;/home/rakytap/Documents/2020/QDrive/quantum-gate-decomposer_C/build/Makefile&quot;  VERBOSE=1 clean' />
					<AskRebuildNeeded command="$make -q -f $makefile $target" />
					<SilentBuild command="$make -f $makefile $target &gt; $(CMD_NULL)" />
				</MakeCommands>
			</Target>
			<Target title="qgd/fast">
				<Option output="/home/rakytap/Documents/2020/QDrive/quantum-gate-decomposer_C/build/libqgd.so" prefix_auto="0" extension_auto="0" />
				<Option working_dir="/home/rakytap/Documents/2020/QDrive/quantum-gate-decomposer_C/build" />
				<Option object_output="./" />
				<Option type="3" />
				<Option compiler="gcc" />
				<Compiler>
					<Add directory="/home/rakytap/Documents/2020/QDrive/quantum-gate-decomposer_C/." />
					<Add directory="/home/rakytap/Documents/2020/QDrive/quantum-gate-decomposer_C/./common/include" />
					<Add directory="/home/rakytap/Documents/2020/QDrive/quantum-gate-decomposer_C/./operations/include" />
					<Add directory="/home/rakytap/Documents/2020/QDrive/quantum-gate-decomposer_C/./decomposition/include" />
					<Add directory="/home/rakytap/Documents/2020/QDrive/quantum-gate-decomposer_C/./random_unitary/include" />
					<Add directory="/usr/local/include" />
					<Add directory="/usr/local/tbb_2020/include" />
					<Add directory="/usr/include/c++/9" />
					<Add directory="/usr/include/x86_64-linux-gnu/c++/9" />
					<Add directory="/usr/include/c++/9/backward" />
					<Add directory="/usr/lib/gcc/x86_64-linux-gnu/9/include" />
					<Add directory="/usr/include/x86_64-linux-gnu" />
					<Add directory="/usr/include" />
				</Compiler>
				<MakeCommands>
					<Build command='/usr/bin/gmake -j16 -f &quot;/home/rakytap/Documents/2020/QDrive/quantum-gate-decomposer_C/build/Makefile&quot;  VERBOSE=1 qgd/fast' />
					<CompileFile command='/usr/bin/gmake -j16 -f &quot;/home/rakytap/Documents/2020/QDrive/quantum-gate-decomposer_C/build/Makefile&quot;  VERBOSE=1 &quot;$file&quot;' />
					<Clean command='/usr/bin/gmake -j16 -f &quot;/home/rakytap/Documents/2020/QDrive/quantum-gate-decomposer_C/build/Makefile&quot;  VERBOSE=1 clean' />
					<DistClean command='/usr/bin/gmake -j16 -f &quot;/home/rakytap/Documents/2020/QDrive/quantum-gate-decomposer_C/build/Makefile&quot;  VERBOSE=1 clean' />
					<AskRebuildNeeded command="$make -q -f $makefile $target" />
					<SilentBuild command="$make -f $makefile $target &gt; $(CMD_NULL)" />
				</MakeCommands>
			</Target>
			<Target title="decomposition_test">
				<Option output="/home/rakytap/Documents/2020/QDrive/quantum-gate-decomposer_C/build/test_standalone/decomposition_test" prefix_auto="0" extension_auto="0" />
				<Option working_dir="/home/rakytap/Documents/2020/QDrive/quantum-gate-decomposer_C/build/test_standalone" />
				<Option object_output="./" />
				<Option type="1" />
				<Option compiler="gcc" />
				<Compiler>
					<Add directory="/home/rakytap/Documents/2020/QDrive/quantum-gate-decomposer_C/." />
					<Add directory="/home/rakytap/Documents/2020/QDrive/quantum-gate-decomposer_C/./common/include" />
					<Add directory="/home/rakytap/Documents/2020/QDrive/quantum-gate-decomposer_C/./operations/include" />
					<Add directory="/home/rakytap/Documents/2020/QDrive/quantum-gate-decomposer_C/./decomposition/include" />
					<Add directory="/home/rakytap/Documents/2020/QDrive/quantum-gate-decomposer_C/./random_unitary/include" />
					<Add directory="/usr/local/include" />
					<Add directory="/usr/local/tbb_2020/include" />
					<Add directory="/usr/include/c++/9" />
					<Add directory="/usr/include/x86_64-linux-gnu/c++/9" />
					<Add directory="/usr/include/c++/9/backward" />
					<Add directory="/usr/lib/gcc/x86_64-linux-gnu/9/include" />
					<Add directory="/usr/include/x86_64-linux-gnu" />
					<Add directory="/usr/include" />
				</Compiler>
				<MakeCommands>
					<Build command='/usr/bin/gmake -j16 -f &quot;/home/rakytap/Documents/2020/QDrive/quantum-gate-decomposer_C/build/test_standalone/Makefile&quot;  VERBOSE=1 decomposition_test' />
					<CompileFile command='/usr/bin/gmake -j16 -f &quot;/home/rakytap/Documents/2020/QDrive/quantum-gate-decomposer_C/build/test_standalone/Makefile&quot;  VERBOSE=1 &quot;$file&quot;' />
					<Clean command='/usr/bin/gmake -j16 -f &quot;/home/rakytap/Documents/2020/QDrive/quantum-gate-decomposer_C/build/test_standalone/Makefile&quot;  VERBOSE=1 clean' />
					<DistClean command='/usr/bin/gmake -j16 -f &quot;/home/rakytap/Documents/2020/QDrive/quantum-gate-decomposer_C/build/test_standalone/Makefile&quot;  VERBOSE=1 clean' />
					<AskRebuildNeeded command="$make -q -f $makefile $target" />
					<SilentBuild command="$make -f $makefile $target &gt; $(CMD_NULL)" />
				</MakeCommands>
			</Target>
			<Target title="decomposition_test/fast">
				<Option output="/home/rakytap/Documents/2020/QDrive/quantum-gate-decomposer_C/build/test_standalone/decomposition_test" prefix_auto="0" extension_auto="0" />
				<Option working_dir="/home/rakytap/Documents/2020/QDrive/quantum-gate-decomposer_C/build/test_standalone" />
				<Option object_output="./" />
				<Option type="1" />
				<Option compiler="gcc" />
				<Compiler>
					<Add directory="/home/rakytap/Documents/2020/QDrive/quantum-gate-decomposer_C/." />
					<Add directory="/home/rakytap/Documents/2020/QDrive/quantum-gate-decomposer_C/./common/include" />
					<Add directory="/home/rakytap/Documents/2020/QDrive/quantum-gate-decomposer_C/./operations/include" />
					<Add directory="/home/rakytap/Documents/2020/QDrive/quantum-gate-decomposer_C/./decomposition/include" />
					<Add directory="/home/rakytap/Documents/2020/QDrive/quantum-gate-decomposer_C/./random_unitary/include" />
					<Add directory="/usr/local/include" />
					<Add directory="/usr/local/tbb_2020/include" />
					<Add directory="/usr/include/c++/9" />
					<Add directory="/usr/include/x86_64-linux-gnu/c++/9" />
					<Add directory="/usr/include/c++/9/backward" />
					<Add directory="/usr/lib/gcc/x86_64-linux-gnu/9/include" />
					<Add directory="/usr/include/x86_64-linux-gnu" />
					<Add directory="/usr/include" />
				</Compiler>
				<MakeCommands>
					<Build command='/usr/bin/gmake -j16 -f &quot;/home/rakytap/Documents/2020/QDrive/quantum-gate-decomposer_C/build/test_standalone/Makefile&quot;  VERBOSE=1 decomposition_test/fast' />
					<CompileFile command='/usr/bin/gmake -j16 -f &quot;/home/rakytap/Documents/2020/QDrive/quantum-gate-decomposer_C/build/test_standalone/Makefile&quot;  VERBOSE=1 &quot;$file&quot;' />
					<Clean command='/usr/bin/gmake -j16 -f &quot;/home/rakytap/Documents/2020/QDrive/quantum-gate-decomposer_C/build/test_standalone/Makefile&quot;  VERBOSE=1 clean' />
					<DistClean command='/usr/bin/gmake -j16 -f &quot;/home/rakytap/Documents/2020/QDrive/quantum-gate-decomposer_C/build/test_standalone/Makefile&quot;  VERBOSE=1 clean' />
					<AskRebuildNeeded command="$make -q -f $makefile $target" />
					<SilentBuild command="$make -f $makefile $target &gt; $(CMD_NULL)" />
				</MakeCommands>
			</Target>
		</Build>
		<Unit filename="CMakeLists.txt">
			<Option virtualFolder="CMake Files/" />
		</Unit>
		<Unit filename="common/common.cpp" />
		<Unit filename="common/dot.cpp" />
		<Unit filename="common/include/Config.h" />
		<Unit filename="common/include/Config.h.in">
			<Option virtualFolder="CMake Files/common/include/" />
		</Unit>
		<Unit filename="common/include/QGDTypes.h" />
		<Unit filename="common/include/common.h" />
		<Unit filename="common/include/dot.h" />
		<Unit filename="common/include/matrix.h" />
		<Unit filename="common/include/matrix_base.h" />
		<Unit filename="common/matrix.cpp" />
		<Unit filename="decomposition/Decomposition_Base.cpp" />
		<Unit filename="decomposition/Functor_Cost_Function_Gradient.cpp" />
		<Unit filename="decomposition/Functor_Get_Operation_Products.cpp" />
		<Unit filename="decomposition/N_Qubit_Decomposition.cpp" />
		<Unit filename="decomposition/N_Qubit_Decomposition_Cost_Function.cpp" />
		<Unit filename="decomposition/Sub_Matrix_Decomposition.cpp" />
		<Unit filename="decomposition/Sub_Matrix_Decomposition_Cost_Function.cpp" />
		<Unit filename="decomposition/include/Decomposition_Base.h" />
		<Unit filename="decomposition/include/Functor_Cost_Function_Gradient.h" />
		<Unit filename="decomposition/include/Functor_Get_Operation_Products.h" />
		<Unit filename="decomposition/include/N_Qubit_Decomposition.h" />
		<Unit filename="decomposition/include/N_Qubit_Decomposition_Cost_Function.h" />
		<Unit filename="decomposition/include/N_Qubit_Decomposition_tmp.h" />
		<Unit filename="decomposition/include/Sub_Matrix_Decomposition.h" />
		<Unit filename="decomposition/include/Sub_Matrix_Decomposition_Cost_Function.h" />
		<Unit filename="operations/CNOT.cpp" />
		<Unit filename="operations/Operation.cpp" />
		<Unit filename="operations/Operation_block.cpp" />
		<Unit filename="operations/U3.cpp" />
		<Unit filename="operations/include/CNOT.h" />
		<Unit filename="operations/include/Operation.h" />
		<Unit filename="operations/include/Operation_block.h" />
		<Unit filename="operations/include/U3.h" />
		<Unit filename="random_unitary/Random_Unitary.cpp" />
		<Unit filename="random_unitary/include/Random_Unitary.h" />
		<Unit filename="test_standalone/CMakeLists.txt">
			<Option virtualFolder="CMake Files/test_standalone/" />
		</Unit>
		<Unit filename="test_standalone/custom_gate_structure_test.cpp" />
		<Unit filename="test_standalone/decomposition_test.cpp" />
		<Extensions />
	</Project>
</CodeBlocks_project_file>
